
Microsoft Visual Studio Solution File, Format Version 12.00
# Visual Studio Version 17
VisualStudioVersion = 17.3.32804.467
MinimumVisualStudioVersion = 10.0.40219.1
Project("{FAE04EC0-301F-11D3-BF4B-00C04F79EFBC}") = "FileSystem", "FileSystem\FileSystem.csproj", "{29B970B9-9593-4F80-8606-7A4F9699FCE7}"
EndProject
Global
	GlobalSection(SolutionConfigurationPlatforms) = preSolution
		Debug|Any CPU = Debug|Any CPU
		Release|Any CPU = Release|Any CPU
	EndGlobalSection
	GlobalSection(ProjectConfigurationPlatforms) = postSolution
		{29B970B9-9593-4F80-8606-7A4F9699FCE7}.Debug|Any CPU.ActiveCfg = Debug|Any CPU
		{29B970B9-9593-4F80-8606-7A4F9699FCE7}.Debug|Any CPU.Build.0 = Debug|Any CPU
		{29B970B9-9593-4F80-8606-7A4F9699FCE7}.Release|Any CPU.ActiveCfg = Release|Any CPU
		{29B970B9-9593-4F80-8606-7A4F9699FCE7}.Release|Any CPU.Build.0 = Release|Any CPU
	EndGlobalSection
	GlobalSection(SolutionProperties) = preSolution
		HideSolutionNode = FALSE
	EndGlobalSection
	GlobalSection(ExtensibilityGlobals) = postSolution
		SolutionGuid = {181D5B04-DF1D-4399-9E9A-08190B0298F0}
	EndGlobalSection
EndGlobal
